
Microsoft Visual Studio Solution File, Format Version 12.00
# Visual Studio Version 17
VisualStudioVersion = 17.12.35527.113
MinimumVisualStudioVersion = 10.0.40219.1
Project("{FAE04EC0-301F-11D3-BF4B-00C04F79EFBC}") = "SimRacingSdk.Core", "SimRacingSdk.Core\SimRacingSdk.Core.csproj", "{01D63855-C7D6-46D0-9C21-5ED38A4E263F}"
EndProject
Project("{FAE04EC0-301F-11D3-BF4B-00C04F79EFBC}") = "SimRacingSdk.Ams2.Core", "SimRacingSdk.Ams2.Core\SimRacingSdk.Ams2.Core.csproj", "{2811210A-F510-4D15-B9D0-E5DCF8DDB0DD}"
EndProject
Project("{FAE04EC0-301F-11D3-BF4B-00C04F79EFBC}") = "SimRacingSdk.Acc.Core", "SimRacingSdk.Acc.Core\SimRacingSdk.Acc.Core.csproj", "{E03B3DBA-D71A-4718-81F5-EB67E1C45273}"
EndProject
Project("{FAE04EC0-301F-11D3-BF4B-00C04F79EFBC}") = "SimRacingSdk.Acc.Udp", "SimRacingSdk.Acc.Udp\SimRacingSdk.Acc.Udp.csproj", "{9FDD1D1B-448E-42CF-AEAE-A3E169C4BE1C}"
EndProject
Project("{FAE04EC0-301F-11D3-BF4B-00C04F79EFBC}") = "SimRacingSdk.Ams2.Udp", "SimRacingSdk.Ams2.Udp\SimRacingSdk.Ams2.Udp.csproj", "{D399CD9D-9E5A-4F3A-B3D3-2E51BE988129}"
EndProject
Project("{FAE04EC0-301F-11D3-BF4B-00C04F79EFBC}") = "SimRacingSdk.Lmu.Core", "SimRacingSdk.Lmu.Core\SimRacingSdk.Lmu.Core.csproj", "{9F3C4FCD-25B9-40E5-ADB5-A1DF45CF9D1B}"
EndProject
Project("{FAE04EC0-301F-11D3-BF4B-00C04F79EFBC}") = "SimRacingSdk.Lmu.Rest", "SimRacingSdk.Lmu.Rest\SimRacingSdk.Lmu.Rest.csproj", "{E947EE26-825D-3DDB-DFE2-6B8CA75A1CF2}"
EndProject
Project("{FAE04EC0-301F-11D3-BF4B-00C04F79EFBC}") = "SimRacingSdk.Abstractions", "SimRacingSdk.Abstractions\SimRacingSdk.Abstractions.csproj", "{72E753B8-1605-331E-1F01-CB9E7ED04123}"
EndProject
Project("{FAE04EC0-301F-11D3-BF4B-00C04F79EFBC}") = "SimRacingSdk.Acc.SharedMemory", "SimRacingSdk.Acc.SharedMemory\SimRacingSdk.Acc.SharedMemory.csproj", "{87BDE4AF-4ED4-813D-E390-7FAD21B778C4}"
EndProject
Project("{FAE04EC0-301F-11D3-BF4B-00C04F79EFBC}") = "SimRacingSdk.Acc.Demo", "SimRacingSdk.Acc.Demo\SimRacingSdk.Acc.Demo.csproj", "{2AF8144C-D729-4B7D-97E4-FB89C6379815}"
EndProject
Project("{FAE04EC0-301F-11D3-BF4B-00C04F79EFBC}") = "SimRacingSdk.Acc.Monitor", "SimRacingSdk.Acc.Monitor\SimRacingSdk.Acc.Monitor.csproj", "{421E29AA-7E1B-8F4D-E754-91D96526D102}"
EndProject
Project("{FAE04EC0-301F-11D3-BF4B-00C04F79EFBC}") = "SimRacingSdk.Ams2.Demo", "SimRacingSdk.Ams2.Demo\SimRacingSdk.Ams2.Demo.csproj", "{578B13A2-921E-854F-81BE-0DE7AD26DF9E}"
EndProject
Project("{FAE04EC0-301F-11D3-BF4B-00C04F79EFBC}") = "SimRacingSdk.Ams2.SharedMemory", "SimRacingSdk.Ams2.SharedMemory\SimRacingSdk.Ams2.SharedMemory.csproj", "{3E3694DA-BD35-FF8C-2BB4-9D099DED5E97}"
EndProject
Project("{FAE04EC0-301F-11D3-BF4B-00C04F79EFBC}") = "SimRacingSdk.Ams2.Monitor", "SimRacingSdk.Ams2.Monitor\SimRacingSdk.Ams2.Monitor.csproj", "{CA6CD8D3-2250-824F-E0B2-DB4BE2C6AE03}"
EndProject
Global
	GlobalSection(SolutionConfigurationPlatforms) = preSolution
		Debug|Any CPU = Debug|Any CPU
		Release|Any CPU = Release|Any CPU
	EndGlobalSection
	GlobalSection(ProjectConfigurationPlatforms) = postSolution
		{01D63855-C7D6-46D0-9C21-5ED38A4E263F}.Debug|Any CPU.ActiveCfg = Debug|Any CPU
		{01D63855-C7D6-46D0-9C21-5ED38A4E263F}.Debug|Any CPU.Build.0 = Debug|Any CPU
		{01D63855-C7D6-46D0-9C21-5ED38A4E263F}.Release|Any CPU.ActiveCfg = Release|Any CPU
		{01D63855-C7D6-46D0-9C21-5ED38A4E263F}.Release|Any CPU.Build.0 = Release|Any CPU
		{2811210A-F510-4D15-B9D0-E5DCF8DDB0DD}.Debug|Any CPU.ActiveCfg = Debug|Any CPU
		{2811210A-F510-4D15-B9D0-E5DCF8DDB0DD}.Debug|Any CPU.Build.0 = Debug|Any CPU
		{2811210A-F510-4D15-B9D0-E5DCF8DDB0DD}.Release|Any CPU.ActiveCfg = Release|Any CPU
		{2811210A-F510-4D15-B9D0-E5DCF8DDB0DD}.Release|Any CPU.Build.0 = Release|Any CPU
		{E03B3DBA-D71A-4718-81F5-EB67E1C45273}.Debug|Any CPU.ActiveCfg = Debug|Any CPU
		{E03B3DBA-D71A-4718-81F5-EB67E1C45273}.Debug|Any CPU.Build.0 = Debug|Any CPU
		{E03B3DBA-D71A-4718-81F5-EB67E1C45273}.Release|Any CPU.ActiveCfg = Release|Any CPU
		{E03B3DBA-D71A-4718-81F5-EB67E1C45273}.Release|Any CPU.Build.0 = Release|Any CPU
		{9FDD1D1B-448E-42CF-AEAE-A3E169C4BE1C}.Debug|Any CPU.ActiveCfg = Debug|Any CPU
		{9FDD1D1B-448E-42CF-AEAE-A3E169C4BE1C}.Debug|Any CPU.Build.0 = Debug|Any CPU
		{9FDD1D1B-448E-42CF-AEAE-A3E169C4BE1C}.Release|Any CPU.ActiveCfg = Release|Any CPU
		{9FDD1D1B-448E-42CF-AEAE-A3E169C4BE1C}.Release|Any CPU.Build.0 = Release|Any CPU
		{D399CD9D-9E5A-4F3A-B3D3-2E51BE988129}.Debug|Any CPU.ActiveCfg = Debug|Any CPU
		{D399CD9D-9E5A-4F3A-B3D3-2E51BE988129}.Debug|Any CPU.Build.0 = Debug|Any CPU
		{D399CD9D-9E5A-4F3A-B3D3-2E51BE988129}.Release|Any CPU.ActiveCfg = Release|Any CPU
		{D399CD9D-9E5A-4F3A-B3D3-2E51BE988129}.Release|Any CPU.Build.0 = Release|Any CPU
		{9F3C4FCD-25B9-40E5-ADB5-A1DF45CF9D1B}.Debug|Any CPU.ActiveCfg = Debug|Any CPU
		{9F3C4FCD-25B9-40E5-ADB5-A1DF45CF9D1B}.Debug|Any CPU.Build.0 = Debug|Any CPU
		{9F3C4FCD-25B9-40E5-ADB5-A1DF45CF9D1B}.Release|Any CPU.ActiveCfg = Release|Any CPU
		{9F3C4FCD-25B9-40E5-ADB5-A1DF45CF9D1B}.Release|Any CPU.Build.0 = Release|Any CPU
		{E947EE26-825D-3DDB-DFE2-6B8CA75A1CF2}.Debug|Any CPU.ActiveCfg = Debug|Any CPU
		{E947EE26-825D-3DDB-DFE2-6B8CA75A1CF2}.Debug|Any CPU.Build.0 = Debug|Any CPU
		{E947EE26-825D-3DDB-DFE2-6B8CA75A1CF2}.Release|Any CPU.ActiveCfg = Release|Any CPU
		{E947EE26-825D-3DDB-DFE2-6B8CA75A1CF2}.Release|Any CPU.Build.0 = Release|Any CPU
		{72E753B8-1605-331E-1F01-CB9E7ED04123}.Debug|Any CPU.ActiveCfg = Debug|Any CPU
		{72E753B8-1605-331E-1F01-CB9E7ED04123}.Debug|Any CPU.Build.0 = Debug|Any CPU
		{72E753B8-1605-331E-1F01-CB9E7ED04123}.Release|Any CPU.ActiveCfg = Release|Any CPU
		{72E753B8-1605-331E-1F01-CB9E7ED04123}.Release|Any CPU.Build.0 = Release|Any CPU
		{87BDE4AF-4ED4-813D-E390-7FAD21B778C4}.Debug|Any CPU.ActiveCfg = Debug|Any CPU
		{87BDE4AF-4ED4-813D-E390-7FAD21B778C4}.Debug|Any CPU.Build.0 = Debug|Any CPU
		{87BDE4AF-4ED4-813D-E390-7FAD21B778C4}.Release|Any CPU.ActiveCfg = Release|Any CPU
		{87BDE4AF-4ED4-813D-E390-7FAD21B778C4}.Release|Any CPU.Build.0 = Release|Any CPU
		{2AF8144C-D729-4B7D-97E4-FB89C6379815}.Debug|Any CPU.ActiveCfg = Debug|Any CPU
		{2AF8144C-D729-4B7D-97E4-FB89C6379815}.Debug|Any CPU.Build.0 = Debug|Any CPU
		{2AF8144C-D729-4B7D-97E4-FB89C6379815}.Release|Any CPU.ActiveCfg = Release|Any CPU
		{2AF8144C-D729-4B7D-97E4-FB89C6379815}.Release|Any CPU.Build.0 = Release|Any CPU
		{421E29AA-7E1B-8F4D-E754-91D96526D102}.Debug|Any CPU.ActiveCfg = Debug|Any CPU
		{421E29AA-7E1B-8F4D-E754-91D96526D102}.Debug|Any CPU.Build.0 = Debug|Any CPU
		{421E29AA-7E1B-8F4D-E754-91D96526D102}.Release|Any CPU.ActiveCfg = Release|Any CPU
		{421E29AA-7E1B-8F4D-E754-91D96526D102}.Release|Any CPU.Build.0 = Release|Any CPU
		{578B13A2-921E-854F-81BE-0DE7AD26DF9E}.Debug|Any CPU.ActiveCfg = Debug|Any CPU
		{578B13A2-921E-854F-81BE-0DE7AD26DF9E}.Debug|Any CPU.Build.0 = Debug|Any CPU
		{578B13A2-921E-854F-81BE-0DE7AD26DF9E}.Release|Any CPU.ActiveCfg = Release|Any CPU
		{578B13A2-921E-854F-81BE-0DE7AD26DF9E}.Release|Any CPU.Build.0 = Release|Any CPU
		{3E3694DA-BD35-FF8C-2BB4-9D099DED5E97}.Debug|Any CPU.ActiveCfg = Debug|Any CPU
		{3E3694DA-BD35-FF8C-2BB4-9D099DED5E97}.Debug|Any CPU.Build.0 = Debug|Any CPU
		{3E3694DA-BD35-FF8C-2BB4-9D099DED5E97}.Release|Any CPU.ActiveCfg = Release|Any CPU
		{3E3694DA-BD35-FF8C-2BB4-9D099DED5E97}.Release|Any CPU.Build.0 = Release|Any CPU
		{CA6CD8D3-2250-824F-E0B2-DB4BE2C6AE03}.Debug|Any CPU.ActiveCfg = Debug|Any CPU
		{CA6CD8D3-2250-824F-E0B2-DB4BE2C6AE03}.Debug|Any CPU.Build.0 = Debug|Any CPU
		{CA6CD8D3-2250-824F-E0B2-DB4BE2C6AE03}.Release|Any CPU.ActiveCfg = Release|Any CPU
		{CA6CD8D3-2250-824F-E0B2-DB4BE2C6AE03}.Release|Any CPU.Build.0 = Release|Any CPU
	EndGlobalSection
	GlobalSection(SolutionProperties) = preSolution
		HideSolutionNode = FALSE
	EndGlobalSection
	GlobalSection(ExtensibilityGlobals) = postSolution
		SolutionGuid = {0301BB3B-0861-41EF-B820-D38F36DF646E}
	EndGlobalSection
EndGlobal
